
Microsoft Visual Studio Solution File, Format Version 12.00
# Visual Studio 2012
Project("{FAE04EC0-301F-11D3-BF4B-00C04F79EFBC}") = "SampleTextEditiorL4DC", "SampleTextEditiorL4DC.csproj", "{C4EEE60B-5255-43DB-801D-62AF6A6BCF4E}"
EndProject
Global
	GlobalSection(SolutionConfigurationPlatforms) = preSolution
		Debug|Any CPU = Debug|Any CPU
		Release|Any CPU = Release|Any CPU
	EndGlobalSection
	GlobalSection(ProjectConfigurationPlatforms) = postSolution
		{C4EEE60B-5255-43DB-801D-62AF6A6BCF4E}.Debug|Any CPU.ActiveCfg = Debug|Any CPU
		{C4EEE60B-5255-43DB-801D-62AF6A6BCF4E}.Debug|Any CPU.Build.0 = Debug|Any CPU
		{C4EEE60B-5255-43DB-801D-62AF6A6BCF4E}.Release|Any CPU.ActiveCfg = Release|Any CPU
		{C4EEE60B-5255-43DB-801D-62AF6A6BCF4E}.Release|Any CPU.Build.0 = Release|Any CPU
	EndGlobalSection
	GlobalSection(SolutionProperties) = preSolution
		HideSolutionNode = FALSE
	EndGlobalSection
EndGlobal
